// !$*UTF8*$!
{
	archiveVersion = 1;
	classes = {
	};
	objectVersion = 48;
	objects = {

/* Begin PBXBuildFile section */
		704CF1D41FAB720B006C0A60 /* AppDelegate.m in Sources */ = {isa = PBXBuildFile; fileRef = 704CF1D31FAB720B006C0A60 /* AppDelegate.m */; };
		704CF1D71FAB720B006C0A60 /* ViewController.m in Sources */ = {isa = PBXBuildFile; fileRef = 704CF1D61FAB720B006C0A60 /* ViewController.m */; };
		704CF1DA1FAB720B006C0A60 /* Main.storyboard in Resources */ = {isa = PBXBuildFile; fileRef = 704CF1D81FAB720B006C0A60 /* Main.storyboard */; };
		704CF1DC1FAB720B006C0A60 /* Assets.xcassets in Resources */ = {isa = PBXBuildFile; fileRef = 704CF1DB1FAB720B006C0A60 /* Assets.xcassets */; };
		704CF1DF1FAB720B006C0A60 /* LaunchScreen.storyboard in Resources */ = {isa = PBXBuildFile; fileRef = 704CF1DD1FAB720B006C0A60 /* LaunchScreen.storyboard */; };
		704CF1E21FAB720B006C0A60 /* main.m in Sources */ = {isa = PBXBuildFile; fileRef = 704CF1E11FAB720B006C0A60 /* main.m */; };
		70A768081FB6C75100EB3BCD /* PhotoScrollSeeTableCell.m in Sources */ = {isa = PBXBuildFile; fileRef = 70A768071FB6C75100EB3BCD /* PhotoScrollSeeTableCell.m */; };
/* End PBXBuildFile section */

/* Begin PBXFileReference section */
		704CF1CF1FAB720B006C0A60 /* TestForFullSeePhoto.app */ = {isa = PBXFileReference; explicitFileType = wrapper.application; includeInIndex = 0; path = TestForFullSeePhoto.app; sourceTree = BUILT_PRODUCTS_DIR; };
		704CF1D21FAB720B006C0A60 /* AppDelegate.h */ = {isa = PBXFileReference; lastKnownFileType = sourcecode.c.h; path = AppDelegate.h; sourceTree = "<group>"; };
		704CF1D31FAB720B006C0A60 /* AppDelegate.m */ = {isa = PBXFileReference; lastKnownFileType = sourcecode.c.objc; path = AppDelegate.m; sourceTree = "<group>"; };
		704CF1D51FAB720B006C0A60 /* ViewController.h */ = {isa = PBXFileReference; lastKnownFileType = sourcecode.c.h; path = ViewController.h; sourceTree = "<group>"; };
		704CF1D61FAB720B006C0A60 /* ViewController.m */ = {isa = PBXFileReference; lastKnownFileType = sourcecode.c.objc; path = ViewController.m; sourceTree = "<group>"; };
		704CF1D91FAB720B006C0A60 /* Base */ = {isa = PBXFileReference; lastKnownFileType = file.storyboard; name = Base; path = Base.lproj/Main.storyboard; sourceTree = "<group>"; };
		704CF1DB1FAB720B006C0A60 /* Assets.xcassets */ = {isa = PBXFileReference; lastKnownFileType = folder.assetcatalog; path = Assets.xcassets; sourceTree = "<group>"; };
		704CF1DE1FAB720B006C0A60 /* Base */ = {isa = PBXFileReference; lastKnownFileType = file.storyboard; name = Base; path = Base.lproj/LaunchScreen.storyboard; sourceTree = "<group>"; };
		704CF1E01FAB720B006C0A60 /* Info.plist */ = {isa = PBXFileReference; lastKnownFileType = text.plist.xml; path = Info.plist; sourceTree = "<group>"; };
		704CF1E11FAB720B006C0A60 /* main.m */ = {isa = PBXFileReference; lastKnownFileType = sourcecode.c.objc; path = main.m; sourceTree = "<group>"; };
		70A768061FB6C75100EB3BCD /* PhotoScrollSeeTableCell.h */ = {isa = PBXFileReference; lastKnownFileType = sourcecode.c.h; path = PhotoScrollSeeTableCell.h; sourceTree = "<group>"; };
		70A768071FB6C75100EB3BCD /* PhotoScrollSeeTableCell.m */ = {isa = PBXFileReference; lastKnownFileType = sourcecode.c.objc; path = PhotoScrollSeeTableCell.m; sourceTree = "<group>"; };
/* End PBXFileReference section */

/* Begin PBXFrameworksBuildPhase section */
		704CF1CC1FAB720B006C0A60 /* Frameworks */ = {
			isa = PBXFrameworksBuildPhase;
			buildActionMask = 2147483647;
			files = (
			);
			runOnlyForDeploymentPostprocessing = 0;
		};
/* End PBXFrameworksBuildPhase section */

/* Begin PBXGroup section */
		704CF1C61FAB720B006C0A60 = {
			isa = PBXGroup;
			children = (
				704CF1D11FAB720B006C0A60 /* TestForFullSeePhoto */,
				704CF1D01FAB720B006C0A60 /* Products */,
			);
			sourceTree = "<group>";
		};
		704CF1D01FAB720B006C0A60 /* Products */ = {
			isa = PBXGroup;
			children = (
				704CF1CF1FAB720B006C0A60 /* TestForFullSeePhoto.app */,
			);
			name = Products;
			sourceTree = "<group>";
		};
		704CF1D11FAB720B006C0A60 /* TestForFullSeePhoto */ = {
			isa = PBXGroup;
			children = (
				704CF1D21FAB720B006C0A60 /* AppDelegate.h */,
				704CF1D31FAB720B006C0A60 /* AppDelegate.m */,
				704CF1D51FAB720B006C0A60 /* ViewController.h */,
				704CF1D61FAB720B006C0A60 /* ViewController.m */,
				70A768061FB6C75100EB3BCD /* PhotoScrollSeeTableCell.h */,
				70A768071FB6C75100EB3BCD /* PhotoScrollSeeTableCell.m */,
				704CF1D81FAB720B006C0A60 /* Main.storyboard */,
				704CF1DB1FAB720B006C0A60 /* Assets.xcassets */,
				704CF1DD1FAB720B006C0A60 /* LaunchScreen.storyboard */,
				704CF1E01FAB720B006C0A60 /* Info.plist */,
				704CF1E11FAB720B006C0A60 /* main.m */,
			);
			path = TestForFullSeePhoto;
			sourceTree = "<group>";
		};
/* End PBXGroup section */

/* Begin PBXNativeTarget section */
		704CF1CE1FAB720B006C0A60 /* TestForFullSeePhoto */ = {
			isa = PBXNativeTarget;
			buildConfigurationList = 704CF1E51FAB720B006C0A60 /* Build configuration list for PBXNativeTarget "TestForFullSeePhoto" */;
			buildPhases = (
				704CF1CB1FAB720B006C0A60 /* Sources */,
				704CF1CC1FAB720B006C0A60 /* Frameworks */,
				704CF1CD1FAB720B006C0A60 /* Resources */,
			);
			buildRules = (
			);
			dependencies = (
			);
			name = TestForFullSeePhoto;
			productName = TestForFullSeePhoto;
			productReference = 704CF1CF1FAB720B006C0A60 /* TestForFullSeePhoto.app */;
			productType = "com.apple.product-type.application";
		};
/* End PBXNativeTarget section */

/* Begin PBXProject section */
		704CF1C71FAB720B006C0A60 /* Project object */ = {
			isa = PBXProject;
			attributes = {
				LastUpgradeCheck = 0900;
				ORGANIZATIONNAME = donglyu;
				TargetAttributes = {
					704CF1CE1FAB720B006C0A60 = {
						CreatedOnToolsVersion = 9.0;
						ProvisioningStyle = Automatic;
					};
				};
			};
			buildConfigurationList = 704CF1CA1FAB720B006C0A60 /* Build configuration list for PBXProject "TestForFullSeePhoto" */;
			compatibilityVersion = "Xcode 8.0";
			developmentRegion = en;
			hasScannedForEncodings = 0;
			knownRegions = (
				en,
				Base,
			);
			mainGroup = 704CF1C61FAB720B006C0A60;
			productRefGroup = 704CF1D01FAB720B006C0A60 /* Products */;
			projectDirPath = "";
			projectRoot = "";
			targets = (
				704CF1CE1FAB720B006C0A60 /* TestForFullSeePhoto */,
			);
		};
/* End PBXProject section */

/* Begin PBXResourcesBuildPhase section */
		704CF1CD1FAB720B006C0A60 /* Resources */ = {
			isa = PBXResourcesBuildPhase;
			buildActionMask = 2147483647;
			files = (
				704CF1DF1FAB720B006C0A60 /* LaunchScreen.storyboard in Resources */,
				704CF1DC1FAB720B006C0A60 /* Assets.xcassets in Resources */,
				704CF1DA1FAB720B006C0A60 /* Main.storyboard in Resources */,
			);
			runOnlyForDeploymentPostprocessing = 0;
		};
/* End PBXResourcesBuildPhase section */

/* Begin PBXSourcesBuildPhase section */
		704CF1CB1FAB720B006C0A60 /* Sources */ = {
			isa = PBXSourcesBuildPhase;
			buildActionMask = 2147483647;
			files = (
				704CF1D71FAB720B006C0A60 /* ViewController.m in Sources */,
				704CF1E21FAB720B006C0A60 /* main.m in Sources */,
				70A768081FB6C75100EB3BCD /* PhotoScrollSeeTableCell.m in Sources */,
				704CF1D41FAB720B006C0A60 /* AppDelegate.m in Sources */,
			);
			runOnlyForDeploymentPostprocessing = 0;
		};
/* End PBXSourcesBuildPhase section */

/* Begin PBXVariantGroup section */
		704CF1D81FAB720B006C0A60 /* Main.storyboard */ = {
			isa = PBXVariantGroup;
			children = (
				704CF1D91FAB720B006C0A60 /* Base */,
			);
			name = Main.storyboard;
			sourceTree = "<group>";
		};
		704CF1DD1FAB720B006C0A60 /* LaunchScreen.storyboard */ = {
			isa = PBXVariantGroup;
			children = (
				704CF1DE1FAB720B006C0A60 /* Base */,
			);
			name = LaunchScreen.storyboard;
			sourceTree = "<group>";
		};
/* End PBXVariantGroup section */

/* Begin XCBuildConfiguration section */
		704CF1E31FAB720B006C0A60 /* Debug */ = {
			isa = XCBuildConfiguration;
			buildSettings = {
				ALWAYS_SEARCH_USER_PATHS = NO;
				CLANG_ANALYZER_NONNULL = YES;
				CLANG_ANALYZER_NUMBER_OBJECT_CONVERSION = YES_AGGRESSIVE;
				CLANG_CXX_LANGUAGE_STANDARD = "gnu++14";
				CLANG_CXX_LIBRARY = "libc++";
				CLANG_ENABLE_MODULES = YES;
				CLANG_ENABLE_OBJC_ARC = YES;
				CLANG_WARN_BLOCK_CAPTURE_AUTORELEASING = YES;
				CLANG_WARN_BOOL_CONVERSION = YES;
				CLANG_WARN_COMMA = YES;
				CLANG_WARN_CONSTANT_CONVERSION = YES;
				CLANG_WARN_DIRECT_OBJC_ISA_USAGE = YES_ERROR;
				CLANG_WARN_DOCUMENTATION_COMMENTS = YES;
				CLANG_WARN_EMPTY_BODY = YES;
				CLANG_WARN_ENUM_CONVERSION = YES;
				CLANG_WARN_INFINITE_RECURSION = YES;
				CLANG_WARN_INT_CONVERSION = YES;
				CLANG_WARN_NON_LITERAL_NULL_CONVERSION = YES;
				CLANG_WARN_OBJC_LITERAL_CONVERSION = YES;
				CLANG_WARN_OBJC_ROOT_CLASS = YES_ERROR;
				CLANG_WARN_RANGE_LOOP_ANALYSIS = YES;
				CLANG_WARN_STRICT_PROTOTYPES = YES;
				CLANG_WARN_SUSPICIOUS_MOVE = YES;
				CLANG_WARN_UNGUARDED_AVAILABILITY = YES_AGGRESSIVE;
				CLANG_WARN_UNREACHABLE_CODE = YES;
				CLANG_WARN__DUPLICATE_METHOD_MATCH = YES;
				CODE_SIGN_IDENTITY = "iPhone Developer";
				COPY_PHASE_STRIP = NO;
				DEBUG_INFORMATION_FORMAT = dwarf;
				ENABLE_STRICT_OBJC_MSGSEND = YES;
				ENABLE_TESTABILITY = YES;
				GCC_C_LANGUAGE_STANDARD = gnu11;
				GCC_DYNAMIC_NO_PIC = NO;
				GCC_NO_COMMON_BLOCKS = YES;
				GCC_OPTIMIZATION_LEVEL = 0;
				GCC_PREPROCESSOR_DEFINITIONS = (
					"DEBUG=1",
					"$(inherited)",
				);
				GCC_WARN_64_TO_32_BIT_CONVERSION = YES;
				GCC_WARN_ABOUT_RETURN_TYPE = YES_ERROR;
				GCC_WARN_UNDECLARED_SELECTOR = YES;
				GCC_WARN_UNINITIALIZED_AUTOS = YES_AGGRESSIVE;
				GCC_WARN_UNUSED_FUNCTION = YES;
				GCC_WARN_UNUSED_VARIABLE = YES;
				IPHONEOS_DEPLOYMENT_TARGET = 11.0;
				MTL_ENABLE_DEBUG_INFO = YES;
				ONLY_ACTIVE_ARCH = YES;
				SDKROOT = iphoneos;
			};
			name = Debug;
		};
		704CF1E41FAB720B006C0A60 /* Release */ = {
			isa = XCBuildConfiguration;
			buildSettings = {
				ALWAYS_SEARCH_USER_PATHS = NO;
				CLANG_ANALYZER_NONNULL = YES;
				CLANG_ANALYZER_NUMBER_OBJECT_CONVERSION = YES_AGGRESSIVE;
				CLANG_CXX_LANGUAGE_STANDARD = "gnu++14";
				CLANG_CXX_LIBRARY = "libc++";
				CLANG_ENABLE_MODULES = YES;
				CLANG_ENABLE_OBJC_ARC = YES;
				CLANG_WARN_BLOCK_CAPTURE_AUTORELEASING = YES;
				CLANG_WARN_BOOL_CONVERSION = YES;
				CLANG_WARN_COMMA = YES;
				CLANG_WARN_CONSTANT_CONVERSION = YES;
				CLANG_WARN_DIRECT_OBJC_ISA_USAGE = YES_ERROR;
				CLANG_WARN_DOCUMENTATION_COMMENTS = YES;
				CLANG_WARN_EMPTY_BODY = YES;
				CLANG_WARN_ENUM_CONVERSION = YES;
				CLANG_WARN_INFINITE_RECURSION = YES;
				CLANG_WARN_INT_CONVERSION = YES;
				CLANG_WARN_NON_LITERAL_NULL_CONVERSION = YES;
				CLANG_WARN_OBJC_LITERAL_CONVERSION = YES;
				CLANG_WARN_OBJC_ROOT_CLASS = YES_ERROR;
				CLANG_WARN_RANGE_LOOP_ANALYSIS = YES;
				CLANG_WARN_STRICT_PROTOTYPES = YES;
				CLANG_WARN_SUSPICIOUS_MOVE = YES;
				CLANG_WARN_UNGUARDED_AVAILABILITY = YES_AGGRESSIVE;
				CLANG_WARN_UNREACHABLE_CODE = YES;
				CLANG_WARN__DUPLICATE_METHOD_MATCH = YES;
				CODE_SIGN_IDENTITY = "iPhone Developer";
				COPY_PHASE_STRIP = NO;
				DEBUG_INFORMATION_FORMAT = "dwarf-with-dsym";
				ENABLE_NS_ASSERTIONS = NO;
				ENABLE_STRICT_OBJC_MSGSEND = YES;
				GCC_C_LANGUAGE_STANDARD = gnu11;
				GCC_NO_COMMON_BLOCKS = YES;
				GCC_WARN_64_TO_32_BIT_CONVERSION = YES;
				GCC_WARN_ABOUT_RETURN_TYPE = YES_ERROR;
				GCC_WARN_UNDECLARED_SELECTOR = YES;
				GCC_WARN_UNINITIALIZED_AUTOS = YES_AGGRESSIVE;
				GCC_WARN_UNUSED_FUNCTION = YES;
				GCC_WARN_UNUSED_VARIABLE = YES;
				IPHONEOS_DEPLOYMENT_TARGET = 11.0;
				MTL_ENABLE_DEBUG_INFO = NO;
				SDKROOT = iphoneos;
				VALIDATE_PRODUCT = YES;
			};
			name = Release;
		};
		704CF1E61FAB720B006C0A60 /* Debug */ = {
			isa = XCBuildConfiguration;
			buildSettings = {
				ASSETCATALOG_COMPILER_APPICON_NAME = AppIcon;
				CODE_SIGN_STYLE = Automatic;
				DEVELOPMENT_TEAM = 3FXLS2N7QR;
				INFOPLIST_FILE = TestForFullSeePhoto/Info.plist;
				LD_RUNPATH_SEARCH_PATHS = "$(inherited) @executable_path/Frameworks";
				PRODUCT_BUNDLE_IDENTIFIER = com.lyds.test1;
				PRODUCT_NAME = "$(TARGET_NAME)";
				TARGETED_DEVICE_FAMILY = "1,2";
			};
			name = Debug;
		};
		704CF1E71FAB720B006C0A60 /* Release */ = {
			isa = XCBuildConfiguration;
			buildSettings = {
				ASSETCATALOG_COMPILER_APPICON_NAME = AppIcon;
				CODE_SIGN_STYLE = Automatic;
				DEVELOPMENT_TEAM = 3FXLS2N7QR;
				INFOPLIST_FILE = TestForFullSeePhoto/Info.plist;
				LD_RUNPATH_SEARCH_PATHS = "$(inherited) @executable_path/Frameworks";
				PRODUCT_BUNDLE_IDENTIFIER = com.lyds.test1;
				PRODUCT_NAME = "$(TARGET_NAME)";
				TARGETED_DEVICE_FAMILY = "1,2";
			};
			name = Release;
		};
/* End XCBuildConfiguration section */

/* Begin XCConfigurationList section */
		704CF1CA1FAB720B006C0A60 /* Build configuration list for PBXProject "TestForFullSeePhoto" */ = {
			isa = XCConfigurationList;
			buildConfigurations = (
				704CF1E31FAB720B006C0A60 /* Debug */,
				704CF1E41FAB720B006C0A60 /* Release */,
			);
			defaultConfigurationIsVisible = 0;
			defaultConfigurationName = Release;
		};
		704CF1E51FAB720B006C0A60 /* Build configuration list for PBXNativeTarget "TestForFullSeePhoto" */ = {
			isa = XCConfigurationList;
			buildConfigurations = (
				704CF1E61FAB720B006C0A60 /* Debug */,
				704CF1E71FAB720B006C0A60 /* Release */,
			);
			defaultConfigurationIsVisible = 0;
			defaultConfigurationName = Release;
		};
/* End XCConfigurationList section */
	};
	rootObject = 704CF1C71FAB720B006C0A60 /* Project object */;
}
